// !$*UTF8*$!
{
	archiveVersion = 1;
	classes = {
	};
	objectVersion = 77;
	objects = {

/* Begin PBXContainerItemProxy section */
		21FEF89B2D3DA8770093FFBE /* PBXContainerItemProxy */ = {
			isa = PBXContainerItemProxy;
			containerPortal = 21FEF8802D3DA8750093FFBE /* Project object */;
			proxyType = 1;
			remoteGlobalIDString = 21FEF8872D3DA8750093FFBE;
			remoteInfo = "Z2A SwiftUI";
		};
		21FEF8A52D3DA8770093FFBE /* PBXContainerItemProxy */ = {
			isa = PBXContainerItemProxy;
			containerPortal = 21FEF8802D3DA8750093FFBE /* Project object */;
			proxyType = 1;
			remoteGlobalIDString = 21FEF8872D3DA8750093FFBE;
			remoteInfo = "Z2A SwiftUI";
		};
/* End PBXContainerItemProxy section */

/* Begin PBXFileReference section */
		21FEF8882D3DA8750093FFBE /* Z2A SwiftUI.app */ = {isa = PBXFileReference; explicitFileType = wrapper.application; includeInIndex = 0; path = "Z2A SwiftUI.app"; sourceTree = BUILT_PRODUCTS_DIR; };
		21FEF89A2D3DA8770093FFBE /* Z2A SwiftUITests.xctest */ = {isa = PBXFileReference; explicitFileType = wrapper.cfbundle; includeInIndex = 0; path = "Z2A SwiftUITests.xctest"; sourceTree = BUILT_PRODUCTS_DIR; };
		21FEF8A42D3DA8770093FFBE /* Z2A SwiftUIUITests.xctest */ = {isa = PBXFileReference; explicitFileType = wrapper.cfbundle; includeInIndex = 0; path = "Z2A SwiftUIUITests.xctest"; sourceTree = BUILT_PRODUCTS_DIR; };
/* End PBXFileReference section */

/* Begin PBXFileSystemSynchronizedRootGroup section */
		21FEF88A2D3DA8750093FFBE /* Z2A SwiftUI */ = {
			isa = PBXFileSystemSynchronizedRootGroup;
			path = "Z2A SwiftUI";
			sourceTree = "<group>";
		};
		21FEF89D2D3DA8770093FFBE /* Z2A SwiftUITests */ = {
			isa = PBXFileSystemSynchronizedRootGroup;
			path = "Z2A SwiftUITests";
			sourceTree = "<group>";
		};
		21FEF8A72D3DA8770093FFBE /* Z2A SwiftUIUITests */ = {
			isa = PBXFileSystemSynchronizedRootGroup;
			path = "Z2A SwiftUIUITests";
			sourceTree = "<group>";
		};
/* End PBXFileSystemSynchronizedRootGroup section */

/* Begin PBXFrameworksBuildPhase section */
		21FEF8852D3DA8750093FFBE /* Frameworks */ = {
			isa = PBXFrameworksBuildPhase;
			buildActionMask = 2147483647;
			files = (
			);
			runOnlyForDeploymentPostprocessing = 0;
		};
		21FEF8972D3DA8770093FFBE /* Frameworks */ = {
			isa = PBXFrameworksBuildPhase;
			buildActionMask = 2147483647;
			files = (
			);
			runOnlyForDeploymentPostprocessing = 0;
		};
		21FEF8A12D3DA8770093FFBE /* Frameworks */ = {
			isa = PBXFrameworksBuildPhase;
			buildActionMask = 2147483647;
			files = (
			);
			runOnlyForDeploymentPostprocessing = 0;
		};
/* End PBXFrameworksBuildPhase section */

/* Begin PBXGroup section */
		21FEF87F2D3DA8750093FFBE = {
			isa = PBXGroup;
			children = (
				21FEF88A2D3DA8750093FFBE /* Z2A SwiftUI */,
				21FEF89D2D3DA8770093FFBE /* Z2A SwiftUITests */,
				21FEF8A72D3DA8770093FFBE /* Z2A SwiftUIUITests */,
				21FEF8892D3DA8750093FFBE /* Products */,
			);
			sourceTree = "<group>";
		};
		21FEF8892D3DA8750093FFBE /* Products */ = {
			isa = PBXGroup;
			children = (
				21FEF8882D3DA8750093FFBE /* Z2A SwiftUI.app */,
				21FEF89A2D3DA8770093FFBE /* Z2A SwiftUITests.xctest */,
				21FEF8A42D3DA8770093FFBE /* Z2A SwiftUIUITests.xctest */,
			);
			name = Products;
			sourceTree = "<group>";
		};
/* End PBXGroup section */

/* Begin PBXNativeTarget section */
		21FEF8872D3DA8750093FFBE /* Z2A SwiftUI */ = {
			isa = PBXNativeTarget;
			buildConfigurationList = 21FEF8AE2D3DA8770093FFBE /* Build configuration list for PBXNativeTarget "Z2A SwiftUI" */;
			buildPhases = (
				21FEF8842D3DA8750093FFBE /* Sources */,
				21FEF8852D3DA8750093FFBE /* Frameworks */,
				21FEF8862D3DA8750093FFBE /* Resources */,
			);
			buildRules = (
			);
			dependencies = (
			);
			fileSystemSynchronizedGroups = (
				21FEF88A2D3DA8750093FFBE /* Z2A SwiftUI */,
			);
			name = "Z2A SwiftUI";
			packageProductDependencies = (
			);
			productName = "Z2A SwiftUI";
			productReference = 21FEF8882D3DA8750093FFBE /* Z2A SwiftUI.app */;
			productType = "com.apple.product-type.application";
		};
		21FEF8992D3DA8770093FFBE /* Z2A SwiftUITests */ = {
			isa = PBXNativeTarget;
			buildConfigurationList = 21FEF8B12D3DA8770093FFBE /* Build configuration list for PBXNativeTarget "Z2A SwiftUITests" */;
			buildPhases = (
				21FEF8962D3DA8770093FFBE /* Sources */,
				21FEF8972D3DA8770093FFBE /* Frameworks */,
				21FEF8982D3DA8770093FFBE /* Resources */,
			);
			buildRules = (
			);
			dependencies = (
				21FEF89C2D3DA8770093FFBE /* PBXTargetDependency */,
			);
			fileSystemSynchronizedGroups = (
				21FEF89D2D3DA8770093FFBE /* Z2A SwiftUITests */,
			);
			name = "Z2A SwiftUITests";
			packageProductDependencies = (
			);
			productName = "Z2A SwiftUITests";
			productReference = 21FEF89A2D3DA8770093FFBE /* Z2A SwiftUITests.xctest */;
			productType = "com.apple.product-type.bundle.unit-test";
		};
		21FEF8A32D3DA8770093FFBE /* Z2A SwiftUIUITests */ = {
			isa = PBXNativeTarget;
			buildConfigurationList = 21FEF8B42D3DA8770093FFBE /* Build configuration list for PBXNativeTarget "Z2A SwiftUIUITests" */;
			buildPhases = (
				21FEF8A02D3DA8770093FFBE /* Sources */,
				21FEF8A12D3DA8770093FFBE /* Frameworks */,
				21FEF8A22D3DA8770093FFBE /* Resources */,
			);
			buildRules = (
			);
			dependencies = (
				21FEF8A62D3DA8770093FFBE /* PBXTargetDependency */,
			);
			fileSystemSynchronizedGroups = (
				21FEF8A72D3DA8770093FFBE /* Z2A SwiftUIUITests */,
			);
			name = "Z2A SwiftUIUITests";
			packageProductDependencies = (
			);
			productName = "Z2A SwiftUIUITests";
			productReference = 21FEF8A42D3DA8770093FFBE /* Z2A SwiftUIUITests.xctest */;
			productType = "com.apple.product-type.bundle.ui-testing";
		};
/* End PBXNativeTarget section */

/* Begin PBXProject section */
		21FEF8802D3DA8750093FFBE /* Project object */ = {
			isa = PBXProject;
			attributes = {
				BuildIndependentTargetsInParallel = 1;
				LastSwiftUpdateCheck = 1620;
				LastUpgradeCheck = 1620;
				TargetAttributes = {
					21FEF8872D3DA8750093FFBE = {
						CreatedOnToolsVersion = 16.2;
					};
					21FEF8992D3DA8770093FFBE = {
						CreatedOnToolsVersion = 16.2;
						TestTargetID = 21FEF8872D3DA8750093FFBE;
					};
					21FEF8A32D3DA8770093FFBE = {
						CreatedOnToolsVersion = 16.2;
						TestTargetID = 21FEF8872D3DA8750093FFBE;
					};
				};
			};
			buildConfigurationList = 21FEF8832D3DA8750093FFBE /* Build configuration list for PBXProject "Z2A SwiftUI" */;
			developmentRegion = en;
			hasScannedForEncodings = 0;
			knownRegions = (
				en,
				Base,
			);
			mainGroup = 21FEF87F2D3DA8750093FFBE;
			minimizedProjectReferenceProxies = 1;
			preferredProjectObjectVersion = 77;
			productRefGroup = 21FEF8892D3DA8750093FFBE /* Products */;
			projectDirPath = "";
			projectRoot = "";
			targets = (
				21FEF8872D3DA8750093FFBE /* Z2A SwiftUI */,
				21FEF8992D3DA8770093FFBE /* Z2A SwiftUITests */,
				21FEF8A32D3DA8770093FFBE /* Z2A SwiftUIUITests */,
			);
		};
/* End PBXProject section */

/* Begin PBXResourcesBuildPhase section */
		21FEF8862D3DA8750093FFBE /* Resources */ = {
			isa = PBXResourcesBuildPhase;
			buildActionMask = 2147483647;
			files = (
			);
			runOnlyForDeploymentPostprocessing = 0;
		};
		21FEF8982D3DA8770093FFBE /* Resources */ = {
			isa = PBXResourcesBuildPhase;
			buildActionMask = 2147483647;
			files = (
			);
			runOnlyForDeploymentPostprocessing = 0;
		};
		21FEF8A22D3DA8770093FFBE /* Resources */ = {
			isa = PBXResourcesBuildPhase;
			buildActionMask = 2147483647;
			files = (
			);
			runOnlyForDeploymentPostprocessing = 0;
		};
/* End PBXResourcesBuildPhase section */

/* Begin PBXSourcesBuildPhase section */
		21FEF8842D3DA8750093FFBE /* Sources */ = {
			isa = PBXSourcesBuildPhase;
			buildActionMask = 2147483647;
			files = (
			);
			runOnlyForDeploymentPostprocessing = 0;
		};
		21FEF8962D3DA8770093FFBE /* Sources */ = {
			isa = PBXSourcesBuildPhase;
			buildActionMask = 2147483647;
			files = (
			);
			runOnlyForDeploymentPostprocessing = 0;
		};
		21FEF8A02D3DA8770093FFBE /* Sources */ = {
			isa = PBXSourcesBuildPhase;
			buildActionMask = 2147483647;
			files = (
			);
			runOnlyForDeploymentPostprocessing = 0;
		};
/* End PBXSourcesBuildPhase section */

/* Begin PBXTargetDependency section */
		21FEF89C2D3DA8770093FFBE /* PBXTargetDependency */ = {
			isa = PBXTargetDependency;
			target = 21FEF8872D3DA8750093FFBE /* Z2A SwiftUI */;
			targetProxy = 21FEF89B2D3DA8770093FFBE /* PBXContainerItemProxy */;
		};
		21FEF8A62D3DA8770093FFBE /* PBXTargetDependency */ = {
			isa = PBXTargetDependency;
			target = 21FEF8872D3DA8750093FFBE /* Z2A SwiftUI */;
			targetProxy = 21FEF8A52D3DA8770093FFBE /* PBXContainerItemProxy */;
		};
/* End PBXTargetDependency section */

/* Begin XCBuildConfiguration section */
		21FEF8AC2D3DA8770093FFBE /* Debug */ = {
			isa = XCBuildConfiguration;
			buildSettings = {
				ALWAYS_SEARCH_USER_PATHS = NO;
				ASSETCATALOG_COMPILER_GENERATE_SWIFT_ASSET_SYMBOL_EXTENSIONS = YES;
				CLANG_ANALYZER_NONNULL = YES;
				CLANG_ANALYZER_NUMBER_OBJECT_CONVERSION = YES_AGGRESSIVE;
				CLANG_CXX_LANGUAGE_STANDARD = "gnu++20";
				CLANG_ENABLE_MODULES = YES;
				CLANG_ENABLE_OBJC_ARC = YES;
				CLANG_ENABLE_OBJC_WEAK = YES;
				CLANG_WARN_BLOCK_CAPTURE_AUTORELEASING = YES;
				CLANG_WARN_BOOL_CONVERSION = YES;
				CLANG_WARN_COMMA = YES;
				CLANG_WARN_CONSTANT_CONVERSION = YES;
				CLANG_WARN_DEPRECATED_OBJC_IMPLEMENTATIONS = YES;
				CLANG_WARN_DIRECT_OBJC_ISA_USAGE = YES_ERROR;
				CLANG_WARN_DOCUMENTATION_COMMENTS = YES;
				CLANG_WARN_EMPTY_BODY = YES;
				CLANG_WARN_ENUM_CONVERSION = YES;
				CLANG_WARN_INFINITE_RECURSION = YES;
				CLANG_WARN_INT_CONVERSION = YES;
				CLANG_WARN_NON_LITERAL_NULL_CONVERSION = YES;
				CLANG_WARN_OBJC_IMPLICIT_RETAIN_SELF = YES;
				CLANG_WARN_OBJC_LITERAL_CONVERSION = YES;
				CLANG_WARN_OBJC_ROOT_CLASS = YES_ERROR;
				CLANG_WARN_QUOTED_INCLUDE_IN_FRAMEWORK_HEADER = YES;
				CLANG_WARN_RANGE_LOOP_ANALYSIS = YES;
				CLANG_WARN_STRICT_PROTOTYPES = YES;
				CLANG_WARN_SUSPICIOUS_MOVE = YES;
				CLANG_WARN_UNGUARDED_AVAILABILITY = YES_AGGRESSIVE;
				CLANG_WARN_UNREACHABLE_CODE = YES;
				CLANG_WARN__DUPLICATE_METHOD_MATCH = YES;
				COPY_PHASE_STRIP = NO;
				DEBUG_INFORMATION_FORMAT = dwarf;
				ENABLE_STRICT_OBJC_MSGSEND = YES;
				ENABLE_TESTABILITY = YES;
				ENABLE_USER_SCRIPT_SANDBOXING = YES;
				GCC_C_LANGUAGE_STANDARD = gnu17;
				GCC_DYNAMIC_NO_PIC = NO;
				GCC_NO_COMMON_BLOCKS = YES;
				GCC_OPTIMIZATION_LEVEL = 0;
				GCC_PREPROCESSOR_DEFINITIONS = (
					"DEBUG=1",
					"$(inherited)",
				);
				GCC_WARN_64_TO_32_BIT_CONVERSION = YES;
				GCC_WARN_ABOUT_RETURN_TYPE = YES_ERROR;
				GCC_WARN_UNDECLARED_SELECTOR = YES;
				GCC_WARN_UNINITIALIZED_AUTOS = YES_AGGRESSIVE;
				GCC_WARN_UNUSED_FUNCTION = YES;
				GCC_WARN_UNUSED_VARIABLE = YES;
				IPHONEOS_DEPLOYMENT_TARGET = 18.2;
				LOCALIZATION_PREFERS_STRING_CATALOGS = YES;
				MTL_ENABLE_DEBUG_INFO = INCLUDE_SOURCE;
				MTL_FAST_MATH = YES;
				ONLY_ACTIVE_ARCH = YES;
				SDKROOT = iphoneos;
				SWIFT_ACTIVE_COMPILATION_CONDITIONS = "DEBUG $(inherited)";
				SWIFT_OPTIMIZATION_LEVEL = "-Onone";
			};
			name = Debug;
		};
		21FEF8AD2D3DA8770093FFBE /* Release */ = {
			isa = XCBuildConfiguration;
			buildSettings = {
				ALWAYS_SEARCH_USER_PATHS = NO;
				ASSETCATALOG_COMPILER_GENERATE_SWIFT_ASSET_SYMBOL_EXTENSIONS = YES;
				CLANG_ANALYZER_NONNULL = YES;
				CLANG_ANALYZER_NUMBER_OBJECT_CONVERSION = YES_AGGRESSIVE;
				CLANG_CXX_LANGUAGE_STANDARD = "gnu++20";
				CLANG_ENABLE_MODULES = YES;
				CLANG_ENABLE_OBJC_ARC = YES;
				CLANG_ENABLE_OBJC_WEAK = YES;
				CLANG_WARN_BLOCK_CAPTURE_AUTORELEASING = YES;
				CLANG_WARN_BOOL_CONVERSION = YES;
				CLANG_WARN_COMMA = YES;
				CLANG_WARN_CONSTANT_CONVERSION = YES;
				CLANG_WARN_DEPRECATED_OBJC_IMPLEMENTATIONS = YES;
				CLANG_WARN_DIRECT_OBJC_ISA_USAGE = YES_ERROR;
				CLANG_WARN_DOCUMENTATION_COMMENTS = YES;
				CLANG_WARN_EMPTY_BODY = YES;
				CLANG_WARN_ENUM_CONVERSION = YES;
				CLANG_WARN_INFINITE_RECURSION = YES;
				CLANG_WARN_INT_CONVERSION = YES;
				CLANG_WARN_NON_LITERAL_NULL_CONVERSION = YES;
				CLANG_WARN_OBJC_IMPLICIT_RETAIN_SELF = YES;
				CLANG_WARN_OBJC_LITERAL_CONVERSION = YES;
				CLANG_WARN_OBJC_ROOT_CLASS = YES_ERROR;
				CLANG_WARN_QUOTED_INCLUDE_IN_FRAMEWORK_HEADER = YES;
				CLANG_WARN_RANGE_LOOP_ANALYSIS = YES;
				CLANG_WARN_STRICT_PROTOTYPES = YES;
				CLANG_WARN_SUSPICIOUS_MOVE = YES;
				CLANG_WARN_UNGUARDED_AVAILABILITY = YES_AGGRESSIVE;
				CLANG_WARN_UNREACHABLE_CODE = YES;
				CLANG_WARN__DUPLICATE_METHOD_MATCH = YES;
				COPY_PHASE_STRIP = NO;
				DEBUG_INFORMATION_FORMAT = "dwarf-with-dsym";
				ENABLE_NS_ASSERTIONS = NO;
				ENABLE_STRICT_OBJC_MSGSEND = YES;
				ENABLE_USER_SCRIPT_SANDBOXING = YES;
				GCC_C_LANGUAGE_STANDARD = gnu17;
				GCC_NO_COMMON_BLOCKS = YES;
				GCC_WARN_64_TO_32_BIT_CONVERSION = YES;
				GCC_WARN_ABOUT_RETURN_TYPE = YES_ERROR;
				GCC_WARN_UNDECLARED_SELECTOR = YES;
				GCC_WARN_UNINITIALIZED_AUTOS = YES_AGGRESSIVE;
				GCC_WARN_UNUSED_FUNCTION = YES;
				GCC_WARN_UNUSED_VARIABLE = YES;
				IPHONEOS_DEPLOYMENT_TARGET = 18.2;
				LOCALIZATION_PREFERS_STRING_CATALOGS = YES;
				MTL_ENABLE_DEBUG_INFO = NO;
				MTL_FAST_MATH = YES;
				SDKROOT = iphoneos;
				SWIFT_COMPILATION_MODE = wholemodule;
				VALIDATE_PRODUCT = YES;
			};
			name = Release;
		};
		21FEF8AF2D3DA8770093FFBE /* Debug */ = {
			isa = XCBuildConfiguration;
			buildSettings = {
				ASSETCATALOG_COMPILER_APPICON_NAME = AppIcon;
				ASSETCATALOG_COMPILER_GLOBAL_ACCENT_COLOR_NAME = AccentColor;
				CODE_SIGN_STYLE = Automatic;
				CURRENT_PROJECT_VERSION = 1;
				DEVELOPMENT_ASSET_PATHS = "\"Z2A SwiftUI/Preview Content\"";
				DEVELOPMENT_TEAM = L8P3SDVYVX;
				ENABLE_PREVIEWS = YES;
				GENERATE_INFOPLIST_FILE = YES;
				INFOPLIST_KEY_UIApplicationSceneManifest_Generation = YES;
				INFOPLIST_KEY_UIApplicationSupportsIndirectInputEvents = YES;
				INFOPLIST_KEY_UILaunchScreen_Generation = YES;
				INFOPLIST_KEY_UISupportedInterfaceOrientations_iPad = "UIInterfaceOrientationPortrait UIInterfaceOrientationPortraitUpsideDown UIInterfaceOrientationLandscapeLeft UIInterfaceOrientationLandscapeRight";
				INFOPLIST_KEY_UISupportedInterfaceOrientations_iPhone = "UIInterfaceOrientationPortrait UIInterfaceOrientationLandscapeLeft UIInterfaceOrientationLandscapeRight";
				LD_RUNPATH_SEARCH_PATHS = (
					"$(inherited)",
					"@executable_path/Frameworks",
				);
				MARKETING_VERSION = 1.0;
				PRODUCT_BUNDLE_IDENTIFIER = "fromZeroToAccessible.com.Z2A-SwiftUI";
				PRODUCT_NAME = "$(TARGET_NAME)";
				SWIFT_EMIT_LOC_STRINGS = YES;
				SWIFT_VERSION = 5.0;
				TARGETED_DEVICE_FAMILY = "1,2";
			};
			name = Debug;
		};
		21FEF8B02D3DA8770093FFBE /* Release */ = {
			isa = XCBuildConfiguration;
			buildSettings = {
				ASSETCATALOG_COMPILER_APPICON_NAME = AppIcon;
				ASSETCATALOG_COMPILER_GLOBAL_ACCENT_COLOR_NAME = AccentColor;
				CODE_SIGN_STYLE = Automatic;
				CURRENT_PROJECT_VERSION = 1;
				DEVELOPMENT_ASSET_PATHS = "\"Z2A SwiftUI/Preview Content\"";
				DEVELOPMENT_TEAM = L8P3SDVYVX;
				ENABLE_PREVIEWS = YES;
				GENERATE_INFOPLIST_FILE = YES;
				INFOPLIST_KEY_UIApplicationSceneManifest_Generation = YES;
				INFOPLIST_KEY_UIApplicationSupportsIndirectInputEvents = YES;
				INFOPLIST_KEY_UILaunchScreen_Generation = YES;
				INFOPLIST_KEY_UISupportedInterfaceOrientations_iPad = "UIInterfaceOrientationPortrait UIInterfaceOrientationPortraitUpsideDown UIInterfaceOrientationLandscapeLeft UIInterfaceOrientationLandscapeRight";
				INFOPLIST_KEY_UISupportedInterfaceOrientations_iPhone = "UIInterfaceOrientationPortrait UIInterfaceOrientationLandscapeLeft UIInterfaceOrientationLandscapeRight";
				LD_RUNPATH_SEARCH_PATHS = (
					"$(inherited)",
					"@executable_path/Frameworks",
				);
				MARKETING_VERSION = 1.0;
				PRODUCT_BUNDLE_IDENTIFIER = "fromZeroToAccessible.com.Z2A-SwiftUI";
				PRODUCT_NAME = "$(TARGET_NAME)";
				SWIFT_EMIT_LOC_STRINGS = YES;
				SWIFT_VERSION = 5.0;
				TARGETED_DEVICE_FAMILY = "1,2";
			};
			name = Release;
		};
		21FEF8B22D3DA8770093FFBE /* Debug */ = {
			isa = XCBuildConfiguration;
			buildSettings = {
				BUNDLE_LOADER = "$(TEST_HOST)";
				CODE_SIGN_STYLE = Automatic;
				CURRENT_PROJECT_VERSION = 1;
				DEVELOPMENT_TEAM = L8P3SDVYVX;
				GENERATE_INFOPLIST_FILE = YES;
				IPHONEOS_DEPLOYMENT_TARGET = 18.2;
				MARKETING_VERSION = 1.0;
				PRODUCT_BUNDLE_IDENTIFIER = "fromZeroToAccessible.com.Z2A-SwiftUITests";
				PRODUCT_NAME = "$(TARGET_NAME)";
				SWIFT_EMIT_LOC_STRINGS = NO;
				SWIFT_VERSION = 5.0;
				TARGETED_DEVICE_FAMILY = "1,2";
				TEST_HOST = "$(BUILT_PRODUCTS_DIR)/Z2A SwiftUI.app/$(BUNDLE_EXECUTABLE_FOLDER_PATH)/Z2A SwiftUI";
			};
			name = Debug;
		};
		21FEF8B32D3DA8770093FFBE /* Release */ = {
			isa = XCBuildConfiguration;
			buildSettings = {
				BUNDLE_LOADER = "$(TEST_HOST)";
				CODE_SIGN_STYLE = Automatic;
				CURRENT_PROJECT_VERSION = 1;
				DEVELOPMENT_TEAM = L8P3SDVYVX;
				GENERATE_INFOPLIST_FILE = YES;
				IPHONEOS_DEPLOYMENT_TARGET = 18.2;
				MARKETING_VERSION = 1.0;
				PRODUCT_BUNDLE_IDENTIFIER = "fromZeroToAccessible.com.Z2A-SwiftUITests";
				PRODUCT_NAME = "$(TARGET_NAME)";
				SWIFT_EMIT_LOC_STRINGS = NO;
				SWIFT_VERSION = 5.0;
				TARGETED_DEVICE_FAMILY = "1,2";
				TEST_HOST = "$(BUILT_PRODUCTS_DIR)/Z2A SwiftUI.app/$(BUNDLE_EXECUTABLE_FOLDER_PATH)/Z2A SwiftUI";
			};
			name = Release;
		};
		21FEF8B52D3DA8770093FFBE /* Debug */ = {
			isa = XCBuildConfiguration;
			buildSettings = {
				CODE_SIGN_STYLE = Automatic;
				CURRENT_PROJECT_VERSION = 1;
				DEVELOPMENT_TEAM = L8P3SDVYVX;
				GENERATE_INFOPLIST_FILE = YES;
				MARKETING_VERSION = 1.0;
				PRODUCT_BUNDLE_IDENTIFIER = "fromZeroToAccessible.com.Z2A-SwiftUIUITests";
				PRODUCT_NAME = "$(TARGET_NAME)";
				SWIFT_EMIT_LOC_STRINGS = NO;
				SWIFT_VERSION = 5.0;
				TARGETED_DEVICE_FAMILY = "1,2";
				TEST_TARGET_NAME = "Z2A SwiftUI";
			};
			name = Debug;
		};
		21FEF8B62D3DA8770093FFBE /* Release */ = {
			isa = XCBuildConfiguration;
			buildSettings = {
				CODE_SIGN_STYLE = Automatic;
				CURRENT_PROJECT_VERSION = 1;
				DEVELOPMENT_TEAM = L8P3SDVYVX;
				GENERATE_INFOPLIST_FILE = YES;
				MARKETING_VERSION = 1.0;
				PRODUCT_BUNDLE_IDENTIFIER = "fromZeroToAccessible.com.Z2A-SwiftUIUITests";
				PRODUCT_NAME = "$(TARGET_NAME)";
				SWIFT_EMIT_LOC_STRINGS = NO;
				SWIFT_VERSION = 5.0;
				TARGETED_DEVICE_FAMILY = "1,2";
				TEST_TARGET_NAME = "Z2A SwiftUI";
			};
			name = Release;
		};
/* End XCBuildConfiguration section */

/* Begin XCConfigurationList section */
		21FEF8832D3DA8750093FFBE /* Build configuration list for PBXProject "Z2A SwiftUI" */ = {
			isa = XCConfigurationList;
			buildConfigurations = (
				21FEF8AC2D3DA8770093FFBE /* Debug */,
				21FEF8AD2D3DA8770093FFBE /* Release */,
			);
			defaultConfigurationIsVisible = 0;
			defaultConfigurationName = Release;
		};
		21FEF8AE2D3DA8770093FFBE /* Build configuration list for PBXNativeTarget "Z2A SwiftUI" */ = {
			isa = XCConfigurationList;
			buildConfigurations = (
				21FEF8AF2D3DA8770093FFBE /* Debug */,
				21FEF8B02D3DA8770093FFBE /* Release */,
			);
			defaultConfigurationIsVisible = 0;
			defaultConfigurationName = Release;
		};
		21FEF8B12D3DA8770093FFBE /* Build configuration list for PBXNativeTarget "Z2A SwiftUITests" */ = {
			isa = XCConfigurationList;
			buildConfigurations = (
				21FEF8B22D3DA8770093FFBE /* Debug */,
				21FEF8B32D3DA8770093FFBE /* Release */,
			);
			defaultConfigurationIsVisible = 0;
			defaultConfigurationName = Release;
		};
		21FEF8B42D3DA8770093FFBE /* Build configuration list for PBXNativeTarget "Z2A SwiftUIUITests" */ = {
			isa = XCConfigurationList;
			buildConfigurations = (
				21FEF8B52D3DA8770093FFBE /* Debug */,
				21FEF8B62D3DA8770093FFBE /* Release */,
			);
			defaultConfigurationIsVisible = 0;
			defaultConfigurationName = Release;
		};
/* End XCConfigurationList section */
	};
	rootObject = 21FEF8802D3DA8750093FFBE /* Project object */;
}
